# THIS IS AN AUTOGENERATED FILE. DO NOT EDIT THIS FILE DIRECTLY.
# yarn lockfile v1


crypto-js@^4.1.1:
  version "4.1.1"
  resolved "https://registry.yarnpkg.com/crypto-js/-/crypto-js-4.1.1.tgz#9e485bcf03521041bd85844786b83fb7619736cf"
  integrity sha512-o2JlM7ydqd3Qk9CA0L4NL6mTzU2sdx96a+oOfPu8Mkl/PK51vSyoi8/rQ8NknZtk44vq15lmhAj9CIAGwgeWKw==

hex2ascii@^0.0.3:
  version "0.0.3"
  resolved "https://registry.yarnpkg.com/hex2ascii/-/hex2ascii-0.0.3.tgz#2dab08bad5a34430dd5cc751271eac4a90eae8fa"
  integrity sha512-3ZLMekUg0VCLy80Y9N2s+rY4urN+rsnr4b4tnMjrSQHKuUFH1YQ0Som3cjWiQQHavyFgeQoxouCr3WcNyP3hHQ==
